PODS:
  - Capacitor (5.4.1):
    - CapacitorCordova
  - CapacitorBrowser (5.0.6):
    - Capacitor
  - CapacitorCordova (5.4.1)
  - CapacitorFilesystem (5.1.1):
    - Capacitor
  - CapacitorPreferences (5.0.6):
    - Capacitor

DEPENDENCIES:
  - "Capacitor (from `../../node_modules/@capacitor/ios`)"
  - "CapacitorBrowser (from `../../node_modules/@capacitor/browser`)"
  - "CapacitorCordova (from `../../node_modules/@capacitor/ios`)"
  - "CapacitorFilesystem (from `../../node_modules/@capacitor/filesystem`)"
  - "CapacitorPreferences (from `../../node_modules/@capacitor/preferences`)"

EXTERNAL SOURCES:
  Capacitor:
    :path: "../../node_modules/@capacitor/ios"
  CapacitorBrowser:
    :path: "../../node_modules/@capacitor/browser"
  CapacitorCordova:
    :path: "../../node_modules/@capacitor/ios"
  CapacitorFilesystem:
    :path: "../../node_modules/@capacitor/filesystem"
  CapacitorPreferences:
    :path: "../../node_modules/@capacitor/preferences"

SPEC CHECKSUMS:
  Capacitor: 4c0681b47eebeba1f902093d24149cf2f518393e
  CapacitorBrowser: 6192948e0ce804fd72aaf77f4114a3ad2e08c760
  CapacitorCordova: 1222fdd78bfd0d323cc22bf254eed1484fe6c92a
  CapacitorFilesystem: 38e85e56818420bed3f0aa1b77128f503a960821
  CapacitorPreferences: f03954bcb0ff09c792909e46bff88e3183c16b10

PODFILE CHECKSUM: 1df90115c515a3c5a0c1eac92941679a4e9512e6

COCOAPODS: 1.12.0
